{
    "_meta": {
        "hash": {
            "sha256": "8c6a9f453d9b41bbb111e51be76fe08082cdaf0a2bb6c5a4d8df66a233b1b99a"
        },
        "pipfile-spec": 6,
        "requires": {
            "python_version": "3.13"
        },
        "sources": [
            {
                "name": "pypi",
                "url": "https://pypi.org/simple",
                "verify_ssl": true
            }
        ]
    },
    "default": {
        "debugpy": {
            "hashes": [
                "sha256:135ccd2b1161bade72a7a099c9208811c137a150839e970aeaf121c2467debe8",
                "sha256:19c9521962475b87da6f673514f7fd610328757ec993bf7ec0d8c96f9a325f9e",
                "sha256:211238306331a9089e253fd997213bc4a4c65f949271057d6695953254095376",
                "sha256:2801329c38f77c47976d341d18040a9ac09d0c71bf2c8b484ad27c74f83dc36f",
                "sha256:2a3958fb9c2f40ed8ea48a0d34895b461de57a1f9862e7478716c35d76f56c65",
                "sha256:31e69a1feb1cf6b51efbed3f6c9b0ef03bc46ff050679c4be7ea6d2e23540870",
                "sha256:64473c4a306ba11a99fe0bb14622ba4fbd943eb004847d9b69b107bde45aa9ea",
                "sha256:67371b28b79a6a12bcc027d94a06158f2fde223e35b5c4e0783b6f9d3b39274a",
                "sha256:687c7ab47948697c03b8f81424aa6dc3f923e6ebab1294732df1ca9773cc67bc",
                "sha256:70f5fcd6d4d0c150a878d2aa37391c52de788c3dc680b97bdb5e529cb80df87a",
                "sha256:75f204684581e9ef3dc2f67687c3c8c183fde2d6675ab131d94084baf8084121",
                "sha256:833a61ed446426e38b0dd8be3e9d45ae285d424f5bf6cd5b2b559c8f12305508",
                "sha256:85df3adb1de5258dca910ae0bb185e48c98801ec15018a263a92bb06be1c8787",
                "sha256:8624a6111dc312ed8c363347a0b59c5acc6210d897e41a7c069de3c53235c9a6",
                "sha256:88eb9ffdfb59bf63835d146c183d6dba1f722b3ae2a5f4b9fc03e925b3358922",
                "sha256:a2ba6fc5d7c4bc84bcae6c5f8edf5988146e55ae654b1bb36fecee9e5e77e9e2",
                "sha256:b202e2843e32e80b3b584bcebfe0e65e0392920dc70df11b2bfe1afcb7a085e4",
                "sha256:b2abae6dd02523bec2dee16bd6b0781cccb53fd4995e5c71cc659b5f45581898",
                "sha256:b5aea1083f6f50023e8509399d7dc6535a351cc9f2e8827d1e093175e4d9fa4c",
                "sha256:bee89e948bc236a5c43c4214ac62d28b29388453f5fd328d739035e205365f0b",
                "sha256:c2c47c2e52b40449552843b913786499efcc3dbc21d6c49287d939cd0dbc49fd",
                "sha256:cf358066650439847ec5ff3dae1da98b5461ea5da0173d93d5e10f477c94609a",
                "sha256:d58c48d8dbbbf48a3a3a638714a2d16de537b0dace1e3432b8e92c57d43707f8",
                "sha256:e5ca7314042e8a614cc2574cd71f6ccd7e13a9708ce3c6d8436959eae56f2378",
                "sha256:f8340a3ac2ed4f5da59e064aa92e39edd52729a88fbde7bbaa54e08249a04493",
                "sha256:fee6db83ea5c978baf042440cfe29695e1a5d48a30147abf4c3be87513609817"
            ],
            "index": "pypi",
            "markers": "python_version >= '3.8'",
            "version": "==1.8.16"
        },
        "environs": {
            "hashes": [
                "sha256:20672d92db325ce8114872b1989104eb84f083486325b5a44bcddff56472a384",
                "sha256:91e4c4ea964be277855cdd83a588f6375f10fad9fa452660ecb9f503c230f26a"
            ],
            "index": "pypi",
            "markers": "python_version >= '3.9'",
            "version": "==14.3.0"
        },
        "jinja2": {
            "hashes": [
                "sha256:0137fb05990d35f1275a587e9aee6d56da821fc83491a0fb838183be43f66d6d",
                "sha256:85ece4451f492d0c13c5dd7c13a64681a86afae63a5f347908daf103ce6d2f67"
            ],
            "index": "pypi",
            "markers": "python_version >= '3.7'",
            "version": "==3.1.6"
        },
        "lxml": {
            "hashes": [
                "sha256:01dab65641201e00c69338c9c2b8a0f2f484b6b3a22d10779bb417599fae32b5",
                "sha256:021497a94907c5901cd49d24b5b0fdd18d198a06611f5ce26feeb67c901b92f2",
                "sha256:02a0f7e629f73cc0be598c8b0611bf28ec3b948c549578a26111b01307fd4051",
                "sha256:038d3c08babcfce9dc89aaf498e6da205efad5b7106c3b11830a488d4eadf56b",
                "sha256:03b12214fb1608f4cffa181ec3d046c72f7e77c345d06222144744c122ded870",
                "sha256:07038c62fd0fe2743e2f5326f54d464715373c791035d7dda377b3c9a5d0ad77",
                "sha256:09c74afc7786c10dd6afaa0be2e4805866beadc18f1d843cf517a7851151b499",
                "sha256:0abfbaf4ebbd7fd33356217d317b6e4e2ef1648be6a9476a52b57ffc6d8d1780",
                "sha256:0c8f7905f1971c2c408badf49ae0ef377cc54759552bcf08ae7a0a8ed18999c2",
                "sha256:0cce65db0cd8c750a378639900d56f89f7d6af11cd5eda72fde054d27c54b8ce",
                "sha256:0d21c9cacb6a889cbb8eeb46c77ef2c1dd529cde10443fdeb1de847b3193c541",
                "sha256:0ef8cd44a080bfb92776047d11ab64875faf76e0d8be20ea3ff0c1e67b3fc9cb",
                "sha256:10a72e456319b030b3dd900df6b1f19d89adf06ebb688821636dc406788cf6ac",
                "sha256:11a052cbd013b7140bbbb38a14e2329b6192478344c99097e378c691b7119551",
                "sha256:1bce45a2c32032afddbd84ed8ab092130649acb935536ef7a9559636ce7ffd4a",
                "sha256:1beca37c6e7a4ddd1ca24829e2c6cb60b5aad0d6936283b5b9909a7496bd97af",
                "sha256:1dc13405bf315d008fe02b1472d2a9d65ee1c73c0a06de5f5a45e6e404d9a1c0",
                "sha256:1e9dc2b9f1586e7cd77753eae81f8d76220eed9b768f337dc83a3f675f2f0cf9",
                "sha256:1ebbf2d9775be149235abebdecae88fe3b3dd06b1797cd0f6dffe6948e85309d",
                "sha256:207ae0d5f0f03b30f95e649a6fa22aa73f5825667fee9c7ec6854d30e19f2ed8",
                "sha256:21300d8c1bbcc38925aabd4b3c2d6a8b09878daf9e8f2035f09b5b002bcddd66",
                "sha256:21344d29c82ca8547ea23023bb8e7538fa5d4615a1773b991edf8176a870c1ea",
                "sha256:21e364e1bb731489e3f4d51db416f991a5d5da5d88184728d80ecfb0904b1d68",
                "sha256:2287fadaa12418a813b05095485c286c47ea58155930cfbd98c590d25770e225",
                "sha256:2516acc6947ecd3c41a4a4564242a87c6786376989307284ddb115f6a99d927f",
                "sha256:2719e42acda8f3444a0d88204fd90665116dda7331934da4d479dd9296c33ce2",
                "sha256:2834377b0145a471a654d699bdb3a2155312de492142ef5a1d426af2c60a0a31",
                "sha256:299a790d403335a6a057ade46f92612ebab87b223e4e8c5308059f2dc36f45ed",
                "sha256:29b0e849ec7030e3ecb6112564c9f7ad6881e3b2375dd4a0c486c5c1f3a33859",
                "sha256:2b3a882ebf27dd026df3801a87cf49ff791336e0f94b0fad195db77e01240690",
                "sha256:2e2b0e042e1408bbb1c5f3cfcb0f571ff4ac98d8e73f4bf37c5dd179276beedd",
                "sha256:32297b09ed4b17f7b3f448de87a92fb31bb8747496623483788e9f27c98c0f00",
                "sha256:33b862c7e3bbeb4ba2c96f3a039f925c640eeba9087a4dc7a572ec0f19d89392",
                "sha256:36c8fa7e177649470bc3dcf7eae6bee1e4984aaee496b9ccbf30e97ac4127fa2",
                "sha256:3b38e20c578149fdbba1fd3f36cb1928a3aaca4b011dfd41ba09d11fb396e1b9",
                "sha256:405e7cf9dbdbb52722c231e0f1257214202dfa192327fab3de45fd62e0554082",
                "sha256:42897fe8cb097274087fafc8251a39b4cf8d64a7396d49479bdc00b3587331cb",
                "sha256:433ab647dad6a9fb31418ccd3075dcb4405ece75dced998789fe14a8e1e3785c",
                "sha256:445f2cee71c404ab4259bc21e20339a859f75383ba2d7fb97dfe7c163994287b",
                "sha256:4588806a721552692310ebe9f90c17ac6c7c5dac438cd93e3d74dd60531c3211",
                "sha256:45cbc92f9d22c28cd3b97f8d07fcefa42e569fbd587dfdac76852b16a4924277",
                "sha256:45fdd0415a0c3d91640b5d7a650a8f37410966a2e9afebb35979d06166fd010e",
                "sha256:47ab1aff82a95a07d96c1eff4eaebec84f823e0dfb4d9501b1fbf9621270c1d3",
                "sha256:485eda5d81bb7358db96a83546949c5fe7474bec6c68ef3fa1fb61a584b00eea",
                "sha256:48c8d335d8ab72f9265e7ba598ae5105a8272437403f4032107dbcb96d3f0b29",
                "sha256:48da704672f6f9c461e9a73250440c647638cc6ff9567ead4c3b1f189a604ee8",
                "sha256:50b5e54f6a9461b1e9c08b4a3420415b538d4773bd9df996b9abcbfe95f4f1fd",
                "sha256:51bd5d1a9796ca253db6045ab45ca882c09c071deafffc22e06975b7ace36300",
                "sha256:537b6cf1c5ab88cfd159195d412edb3e434fee880f206cbe68dff9c40e17a68a",
                "sha256:57478424ac4c9170eabf540237125e8d30fad1940648924c058e7bc9fb9cf6dd",
                "sha256:57744270a512a93416a149f8b6ea1dbbbee127f5edcbcd5adf28e44b6ff02f33",
                "sha256:5c17e70c82fd777df586c12114bbe56e4e6f823a971814fd40dec9c0de518772",
                "sha256:5d08e0f1af6916267bb7eff21c09fa105620f07712424aaae09e8cb5dd4164d1",
                "sha256:615bb6c73fed7929e3a477a3297a797892846b253d59c84a62c98bdce3849a0a",
                "sha256:620869f2a3ec1475d000b608024f63259af8d200684de380ccb9650fbc14d1bb",
                "sha256:64fac7a05ebb3737b79fd89fe5a5b6c5546aac35cfcfd9208eb6e5d13215771c",
                "sha256:6f393e10685b37f15b1daef8aa0d734ec61860bb679ec447afa0001a31e7253f",
                "sha256:70f540c229a8c0a770dcaf6d5af56a5295e0fc314fc7ef4399d543328054bcea",
                "sha256:74555e2da7c1636e30bff4e6e38d862a634cf020ffa591f1f63da96bf8b34772",
                "sha256:7587ac5e000e1594e62278422c5783b34a82b22f27688b1074d71376424b73e8",
                "sha256:7a3ec1373f7d3f519de595032d4dcafae396c29407cfd5073f42d267ba32440d",
                "sha256:7a44a5fb1edd11b3a65c12c23e1049c8ae49d90a24253ff18efbcb6aa042d012",
                "sha256:7c23fd8c839708d368e406282d7953cee5134f4592ef4900026d84566d2b4c88",
                "sha256:7e18224ea241b657a157c85e9cac82c2b113ec90876e01e1f127312006233756",
                "sha256:7f36e4a2439d134b8e70f92ff27ada6fb685966de385668e21c708021733ead1",
                "sha256:7fd70681aeed83b196482d42a9b0dc5b13bab55668d09ad75ed26dff3be5a2f5",
                "sha256:8466faa66b0353802fb7c054a400ac17ce2cf416e3ad8516eadeff9cba85b741",
                "sha256:847458b7cd0d04004895f1fb2cca8e7c0f8ec923c49c06b7a72ec2d48ea6aca2",
                "sha256:8e5d116b9e59be7934febb12c41cce2038491ec8fdb743aeacaaf36d6e7597e4",
                "sha256:8f5cf2addfbbe745251132c955ad62d8519bb4b2c28b0aa060eca4541798d86e",
                "sha256:911d0a2bb3ef3df55b3d97ab325a9ca7e438d5112c102b8495321105d25a441b",
                "sha256:9283997edb661ebba05314da1b9329e628354be310bbf947b0faa18263c5df1b",
                "sha256:92a08aefecd19ecc4ebf053c27789dd92c87821df2583a4337131cf181a1dffa",
                "sha256:9696d491f156226decdd95d9651c6786d43701e49f32bf23715c975539aa2b3b",
                "sha256:9705cdfc05142f8c38c97a61bd3a29581ceceb973a014e302ee4a73cc6632476",
                "sha256:987ad5c3941c64031f59c226167f55a04d1272e76b241bfafc968bdb778e07fb",
                "sha256:a07a994d3c46cd4020c1ea566345cf6815af205b1e948213a4f0f1d392182072",
                "sha256:a389e9f11c010bd30531325805bbe97bdf7f728a73d0ec475adef57ffec60547",
                "sha256:a57d9eb9aadf311c9e8785230eec83c6abb9aef2adac4c0587912caf8f3010b8",
                "sha256:a5ec101a92ddacb4791977acfc86c1afd624c032974bfb6a21269d1083c9bc49",
                "sha256:a6aeca75959426b9fd8d4782c28723ba224fe07cfa9f26a141004210528dcbe2",
                "sha256:aa8f130f4b2dc94baa909c17bb7994f0268a2a72b9941c872e8e558fd6709050",
                "sha256:abb05a45394fd76bf4a60c1b7bec0e6d4e8dfc569fc0e0b1f634cd983a006ddc",
                "sha256:afae3a15889942426723839a3cf56dab5e466f7d873640a7a3c53abc671e2387",
                "sha256:b0fa45fb5f55111ce75b56c703843b36baaf65908f8b8d2fbbc0e249dbc127ed",
                "sha256:b4e597efca032ed99f418bd21314745522ab9fa95af33370dcee5533f7f70136",
                "sha256:b556aaa6ef393e989dac694b9c95761e32e058d5c4c11ddeef33f790518f7a5e",
                "sha256:bdf8f7c8502552d7bff9e4c98971910a0a59f60f88b5048f608d0a1a75e94d1c",
                "sha256:beab5e54de016e730875f612ba51e54c331e2fa6dc78ecf9a5415fc90d619348",
                "sha256:bfa30ef319462242333ef8f0c7631fb8b8b8eae7dca83c1f235d2ea2b7f8ff2b",
                "sha256:c03ac546adaabbe0b8e4a15d9ad815a281afc8d36249c246aecf1aaad7d6f200",
                "sha256:c238f0d0d40fdcb695c439fe5787fa69d40f45789326b3bb6ef0d61c4b588d6e",
                "sha256:c372d42f3eee5844b69dcab7b8d18b2f449efd54b46ac76970d6e06b8e8d9a66",
                "sha256:c43460f4aac016ee0e156bfa14a9de9b3e06249b12c228e27654ac3996a46d5b",
                "sha256:c4be29bce35020d8579d60aa0a4e95effd66fcfce31c46ffddf7e5422f73a299",
                "sha256:c6acde83f7a3d6399e6d83c1892a06ac9b14ea48332a5fbd55d60b9897b9570a",
                "sha256:c71a0ce0e08c7e11e64895c720dc7752bf064bfecd3eb2c17adcd7bfa8ffb22c",
                "sha256:cb46f8cfa1b0334b074f40c0ff94ce4d9a6755d492e6c116adb5f4a57fb6ad96",
                "sha256:cc73bb8640eadd66d25c5a03175de6801f63c535f0f3cf50cac2f06a8211f420",
                "sha256:d12160adea318ce3d118f0b4fbdff7d1225c75fb7749429541b4d217b85c3f76",
                "sha256:d2f73aef768c70e8deb8c4742fca4fd729b132fda68458518851c7735b55297e",
                "sha256:d417eba28981e720a14fcb98f95e44e7a772fe25982e584db38e5d3b6ee02e79",
                "sha256:d4c5acb9bc22f2026bbd0ecbfdb890e9b3e5b311b992609d35034706ad111b5d",
                "sha256:d877874a31590b72d1fa40054b50dc33084021bfc15d01b3a661d85a302af821",
                "sha256:e352d8578e83822d70bea88f3d08b9912528e4c338f04ab707207ab12f4b7aac",
                "sha256:e38b5f94c5a2a5dadaddd50084098dfd005e5a2a56cd200aaf5e0a20e8941782",
                "sha256:e4e3cd3585f3c6f87cdea44cda68e692cc42a012f0131d25957ba4ce755241a7",
                "sha256:e7f4066b85a4fa25ad31b75444bd578c3ebe6b8ed47237896341308e2ce923c3",
                "sha256:e89d977220f7b1f0c725ac76f5c65904193bd4c264577a3af9017de17560ea7e",
                "sha256:ea27626739e82f2be18cbb1aff7ad59301c723dc0922d9a00bc4c27023f16ab7",
                "sha256:edb975280633a68d0988b11940834ce2b0fece9f5278297fc50b044cb713f0e1",
                "sha256:f1b60a3287bf33a2a54805d76b82055bcc076e445fd539ee9ae1fe85ed373691",
                "sha256:f7bbfb0751551a8786915fc6b615ee56344dacc1b1033697625b553aefdd9837",
                "sha256:f8c9bcfd2e12299a442fba94459adf0b0d001dbc68f1594439bfa10ad1ecb74b",
                "sha256:fa164387ff20ab0e575fa909b11b92ff1481e6876835014e70280769920c4433",
                "sha256:faa7233bdb7a4365e2411a665d034c370ac82798a926e65f76c26fbbf0fd14b7"
            ],
            "index": "pypi",
            "markers": "python_version >= '3.8'",
            "version": "==6.0.1"
        },
        "lxml-stubs": {
            "hashes": [
                "sha256:1f689e5dbc4b9247cb09ae820c7d34daeb1fdbd1db06123814b856dae7787272",
                "sha256:e0ec2aa1ce92d91278b719091ce4515c12adc1d564359dfaf81efa7d4feab79d"
            ],
            "index": "pypi",
            "version": "==0.5.1"
        },
        "markupsafe": {
            "hashes": [
                "sha256:0bff5e0ae4ef2e1ae4fdf2dfd5b76c75e5c2fa4132d05fc1b0dabcd20c7e28c4",
                "sha256:0f4ca02bea9a23221c0182836703cbf8930c5e9454bacce27e767509fa286a30",
                "sha256:1225beacc926f536dc82e45f8a4d68502949dc67eea90eab715dea3a21c1b5f0",
                "sha256:131a3c7689c85f5ad20f9f6fb1b866f402c445b220c19fe4308c0b147ccd2ad9",
                "sha256:15ab75ef81add55874e7ab7055e9c397312385bd9ced94920f2802310c930396",
                "sha256:1a9d3f5f0901fdec14d8d2f66ef7d035f2157240a433441719ac9a3fba440b13",
                "sha256:1c99d261bd2d5f6b59325c92c73df481e05e57f19837bdca8413b9eac4bd8028",
                "sha256:1e084f686b92e5b83186b07e8a17fc09e38fff551f3602b249881fec658d3eca",
                "sha256:2181e67807fc2fa785d0592dc2d6206c019b9502410671cc905d132a92866557",
                "sha256:2cb8438c3cbb25e220c2ab33bb226559e7afb3baec11c4f218ffa7308603c832",
                "sha256:3169b1eefae027567d1ce6ee7cae382c57fe26e82775f460f0b2778beaad66c0",
                "sha256:3809ede931876f5b2ec92eef964286840ed3540dadf803dd570c3b7e13141a3b",
                "sha256:38a9ef736c01fccdd6600705b09dc574584b89bea478200c5fbf112a6b0d5579",
                "sha256:3d79d162e7be8f996986c064d1c7c817f6df3a77fe3d6859f6f9e7be4b8c213a",
                "sha256:444dcda765c8a838eaae23112db52f1efaf750daddb2d9ca300bcae1039adc5c",
                "sha256:48032821bbdf20f5799ff537c7ac3d1fba0ba032cfc06194faffa8cda8b560ff",
                "sha256:4aa4e5faecf353ed117801a068ebab7b7e09ffb6e1d5e412dc852e0da018126c",
                "sha256:52305740fe773d09cffb16f8ed0427942901f00adedac82ec8b67752f58a1b22",
                "sha256:569511d3b58c8791ab4c2e1285575265991e6d8f8700c7be0e88f86cb0672094",
                "sha256:57cb5a3cf367aeb1d316576250f65edec5bb3be939e9247ae594b4bcbc317dfb",
                "sha256:5b02fb34468b6aaa40dfc198d813a641e3a63b98c2b05a16b9f80b7ec314185e",
                "sha256:6381026f158fdb7c72a168278597a5e3a5222e83ea18f543112b2662a9b699c5",
                "sha256:6af100e168aa82a50e186c82875a5893c5597a0c1ccdb0d8b40240b1f28b969a",
                "sha256:6c89876f41da747c8d3677a2b540fb32ef5715f97b66eeb0c6b66f5e3ef6f59d",
                "sha256:6e296a513ca3d94054c2c881cc913116e90fd030ad1c656b3869762b754f5f8a",
                "sha256:70a87b411535ccad5ef2f1df5136506a10775d267e197e4cf531ced10537bd6b",
                "sha256:7e94c425039cde14257288fd61dcfb01963e658efbc0ff54f5306b06054700f8",
                "sha256:846ade7b71e3536c4e56b386c2a47adf5741d2d8b94ec9dc3e92e5e1ee1e2225",
                "sha256:88416bd1e65dcea10bc7569faacb2c20ce071dd1f87539ca2ab364bf6231393c",
                "sha256:88b49a3b9ff31e19998750c38e030fc7bb937398b1f78cfa599aaef92d693144",
                "sha256:8c4e8c3ce11e1f92f6536ff07154f9d49677ebaaafc32db9db4620bc11ed480f",
                "sha256:8e06879fc22a25ca47312fbe7c8264eb0b662f6db27cb2d3bbbc74b1df4b9b87",
                "sha256:9025b4018f3a1314059769c7bf15441064b2207cb3f065e6ea1e7359cb46db9d",
                "sha256:93335ca3812df2f366e80509ae119189886b0f3c2b81325d39efdb84a1e2ae93",
                "sha256:9778bd8ab0a994ebf6f84c2b949e65736d5575320a17ae8984a77fab08db94cf",
                "sha256:9e2d922824181480953426608b81967de705c3cef4d1af983af849d7bd619158",
                "sha256:a123e330ef0853c6e822384873bef7507557d8e4a082961e1defa947aa59ba84",
                "sha256:a904af0a6162c73e3edcb969eeeb53a63ceeb5d8cf642fade7d39e7963a22ddb",
                "sha256:ad10d3ded218f1039f11a75f8091880239651b52e9bb592ca27de44eed242a48",
                "sha256:b424c77b206d63d500bcb69fa55ed8d0e6a3774056bdc4839fc9298a7edca171",
                "sha256:b5a6b3ada725cea8a5e634536b1b01c30bcdcd7f9c6fff4151548d5bf6b3a36c",
                "sha256:ba8062ed2cf21c07a9e295d5b8a2a5ce678b913b45fdf68c32d95d6c1291e0b6",
                "sha256:ba9527cdd4c926ed0760bc301f6728ef34d841f405abf9d4f959c478421e4efd",
                "sha256:bbcb445fa71794da8f178f0f6d66789a28d7319071af7a496d4d507ed566270d",
                "sha256:bcf3e58998965654fdaff38e58584d8937aa3096ab5354d493c77d1fdd66d7a1",
                "sha256:c0ef13eaeee5b615fb07c9a7dadb38eac06a0608b41570d8ade51c56539e509d",
                "sha256:cabc348d87e913db6ab4aa100f01b08f481097838bdddf7c7a84b7575b7309ca",
                "sha256:cdb82a876c47801bb54a690c5ae105a46b392ac6099881cdfb9f6e95e4014c6a",
                "sha256:cfad01eed2c2e0c01fd0ecd2ef42c492f7f93902e39a42fc9ee1692961443a29",
                "sha256:d16a81a06776313e817c951135cf7340a3e91e8c1ff2fac444cfd75fffa04afe",
                "sha256:d8213e09c917a951de9d09ecee036d5c7d36cb6cb7dbaece4c71a60d79fb9798",
                "sha256:e07c3764494e3776c602c1e78e298937c3315ccc9043ead7e685b7f2b8d47b3c",
                "sha256:e17c96c14e19278594aa4841ec148115f9c7615a47382ecb6b82bd8fea3ab0c8",
                "sha256:e444a31f8db13eb18ada366ab3cf45fd4b31e4db1236a4448f68778c1d1a5a2f",
                "sha256:e6a2a455bd412959b57a172ce6328d2dd1f01cb2135efda2e4576e8a23fa3b0f",
                "sha256:eaa0a10b7f72326f1372a713e73c3f739b524b3af41feb43e4921cb529f5929a",
                "sha256:eb7972a85c54febfb25b5c4b4f3af4dcc731994c7da0d8a0b4a6eb0640e1d178",
                "sha256:ee55d3edf80167e48ea11a923c7386f4669df67d7994554387f84e7d8b0a2bf0",
                "sha256:f3818cb119498c0678015754eba762e0d61e5b52d34c8b13d770f0719f7b1d79",
                "sha256:f8b3d067f2e40fe93e1ccdd6b2e1d16c43140e76f02fb1319a05cf2b79d99430",
                "sha256:fcabf5ff6eea076f859677f5f0b6b5c1a51e70a376b0579e0eadef8db48c6b50"
            ],
            "markers": "python_version >= '3.9'",
            "version": "==3.0.2"
        },
        "marshmallow": {
            "hashes": [
                "sha256:72f14ef346f81269dbddee891bac547dda1501e9e08b6a809756ea3dbb7936a1",
                "sha256:e1d860bd262737cb2d34e1541b84cb52c32c72c9474e3fe6f30f137ef8b0d97f"
            ],
            "markers": "python_version >= '3.9'",
            "version": "==4.0.1"
        },
        "pyperclip": {
            "hashes": [
                "sha256:b7de0142ddc81bfc5c7507eea19da920b92252b548b96186caf94a5e2527d310"
            ],
            "index": "pypi",
            "version": "==1.9.0"
        },
        "python-dateutil": {
            "hashes": [
                "sha256:37dd54208da7e1cd875388217d5e00ebd4179249f90fb72437e91a35459a0ad3",
                "sha256:a8b2bc7bffae282281c8140a97d3aa9c14da0b136dfe83f850eea9a5f7470427"
            ],
            "index": "pypi",
            "markers": "python_version >= '2.7' and python_version not in '3.0, 3.1, 3.2'",
            "version": "==2.9.0.post0"
        },
        "python-dotenv": {
            "hashes": [
                "sha256:31f23644fe2602f88ff55e1f5c79ba497e01224ee7737937930c448e4d0e24dc",
                "sha256:a8a6399716257f45be6a007360200409fce5cda2661e3dec71d23dc15f6189ab"
            ],
            "markers": "python_version >= '3.9'",
            "version": "==1.1.1"
        },
        "six": {
            "hashes": [
                "sha256:4721f391ed90541fddacab5acf947aa0d3dc7d27b2e1e8eda2be8970586c3274",
                "sha256:ff70335d468e7eb6ec65b95b99d3a2836546063f63acc5171de367e834932a81"
            ],
            "markers": "python_version >= '2.7' and python_version not in '3.0, 3.1, 3.2'",
            "version": "==1.17.0"
        },
        "xmltodict": {
            "hashes": [
                "sha256:3d8d49127f3ce6979d40a36dbcad96f8bab106d232d24b49efdd4bd21716983c",
                "sha256:dcd84b52f30a15be5ac4c9099a0cb234df8758624b035411e329c5c1e7a49089"
            ],
            "index": "pypi",
            "markers": "python_version >= '3.9'",
            "version": "==0.15.1"
        }
    },
    "develop": {
        "asttokens": {
            "hashes": [
                "sha256:0dcd8baa8d62b0c1d118b399b2ddba3c4aff271d0d7a9e0d4c1681c79035bbc7",
                "sha256:e3078351a059199dd5138cb1c706e6430c05eff2ff136af5eb4790f9d28932e2"
            ],
            "markers": "python_version >= '3.8'",
            "version": "==3.0.0"
        },
        "comm": {
            "hashes": [
                "sha256:2dc8048c10962d55d7ad693be1e7045d891b7ce8d999c97963a5e3e99c055971",
                "sha256:c615d91d75f7f04f095b30d1c1711babd43bdc6419c1be9886a85f2f4e489417"
            ],
            "markers": "python_version >= '3.8'",
            "version": "==0.2.3"
        },
        "debugpy": {
            "hashes": [
                "sha256:135ccd2b1161bade72a7a099c9208811c137a150839e970aeaf121c2467debe8",
                "sha256:19c9521962475b87da6f673514f7fd610328757ec993bf7ec0d8c96f9a325f9e",
                "sha256:211238306331a9089e253fd997213bc4a4c65f949271057d6695953254095376",
                "sha256:2801329c38f77c47976d341d18040a9ac09d0c71bf2c8b484ad27c74f83dc36f",
                "sha256:2a3958fb9c2f40ed8ea48a0d34895b461de57a1f9862e7478716c35d76f56c65",
                "sha256:31e69a1feb1cf6b51efbed3f6c9b0ef03bc46ff050679c4be7ea6d2e23540870",
                "sha256:64473c4a306ba11a99fe0bb14622ba4fbd943eb004847d9b69b107bde45aa9ea",
                "sha256:67371b28b79a6a12bcc027d94a06158f2fde223e35b5c4e0783b6f9d3b39274a",
                "sha256:687c7ab47948697c03b8f81424aa6dc3f923e6ebab1294732df1ca9773cc67bc",
                "sha256:70f5fcd6d4d0c150a878d2aa37391c52de788c3dc680b97bdb5e529cb80df87a",
                "sha256:75f204684581e9ef3dc2f67687c3c8c183fde2d6675ab131d94084baf8084121",
                "sha256:833a61ed446426e38b0dd8be3e9d45ae285d424f5bf6cd5b2b559c8f12305508",
                "sha256:85df3adb1de5258dca910ae0bb185e48c98801ec15018a263a92bb06be1c8787",
                "sha256:8624a6111dc312ed8c363347a0b59c5acc6210d897e41a7c069de3c53235c9a6",
                "sha256:88eb9ffdfb59bf63835d146c183d6dba1f722b3ae2a5f4b9fc03e925b3358922",
                "sha256:a2ba6fc5d7c4bc84bcae6c5f8edf5988146e55ae654b1bb36fecee9e5e77e9e2",
                "sha256:b202e2843e32e80b3b584bcebfe0e65e0392920dc70df11b2bfe1afcb7a085e4",
                "sha256:b2abae6dd02523bec2dee16bd6b0781cccb53fd4995e5c71cc659b5f45581898",
                "sha256:b5aea1083f6f50023e8509399d7dc6535a351cc9f2e8827d1e093175e4d9fa4c",
                "sha256:bee89e948bc236a5c43c4214ac62d28b29388453f5fd328d739035e205365f0b",
                "sha256:c2c47c2e52b40449552843b913786499efcc3dbc21d6c49287d939cd0dbc49fd",
                "sha256:cf358066650439847ec5ff3dae1da98b5461ea5da0173d93d5e10f477c94609a",
                "sha256:d58c48d8dbbbf48a3a3a638714a2d16de537b0dace1e3432b8e92c57d43707f8",
                "sha256:e5ca7314042e8a614cc2574cd71f6ccd7e13a9708ce3c6d8436959eae56f2378",
                "sha256:f8340a3ac2ed4f5da59e064aa92e39edd52729a88fbde7bbaa54e08249a04493",
                "sha256:fee6db83ea5c978baf042440cfe29695e1a5d48a30147abf4c3be87513609817"
            ],
            "index": "pypi",
            "markers": "python_version >= '3.8'",
            "version": "==1.8.16"
        },
        "decorator": {
            "hashes": [
                "sha256:65f266143752f734b0a7cc83c46f4618af75b8c5911b00ccb61d0ac9b6da0360",
                "sha256:d316bb415a2d9e2d2b3abcc4084c6502fc09240e292cd76a76afc106a1c8e04a"
            ],
            "markers": "python_version >= '3.8'",
            "version": "==5.2.1"
        },
        "executing": {
            "hashes": [
                "sha256:3632cc370565f6648cc328b32435bd120a1e4ebb20c77e3fdde9a13cd1e533c4",
                "sha256:760643d3452b4d777d295bb167ccc74c64a81df23fb5e08eff250c425a4b2017"
            ],
            "markers": "python_version >= '3.8'",
            "version": "==2.2.1"
        },
        "iniconfig": {
            "hashes": [
                "sha256:3abbd2e30b36733fee78f9c7f7308f2d0050e88f0087fd25c2645f63c773e1c7",
                "sha256:9deba5723312380e77435581c6bf4935c94cbfab9b1ed33ef8d238ea168eb760"
            ],
            "markers": "python_version >= '3.8'",
            "version": "==2.1.0"
        },
        "ipykernel": {
            "hashes": [
                "sha256:6abb270161896402e76b91394fcdce5d1be5d45f456671e5080572f8505be39b",
                "sha256:aa6b9fb93dca949069d8b85b6c79b2518e32ac583ae9c7d37c51d119e18b3fb4"
            ],
            "index": "pypi",
            "markers": "python_version >= '3.9'",
            "version": "==6.30.1"
        },
        "ipython": {
            "hashes": [
                "sha256:129c44b941fe6d9b82d36fc7a7c18127ddb1d6f02f78f867f402e2e3adde3113",
                "sha256:88369ffa1d5817d609120daa523a6da06d02518e582347c29f8451732a9c5e72"
            ],
            "markers": "python_version >= '3.11'",
            "version": "==9.5.0"
        },
        "ipython-pygments-lexers": {
            "hashes": [
                "sha256:09c0138009e56b6854f9535736f4171d855c8c08a563a0dcd8022f78355c7e81",
                "sha256:a9462224a505ade19a605f71f8fa63c2048833ce50abc86768a0d81d876dc81c"
            ],
            "markers": "python_version >= '3.8'",
            "version": "==1.1.1"
        },
        "jedi": {
            "hashes": [
                "sha256:4770dc3de41bde3966b02eb84fbcf557fb33cce26ad23da12c742fb50ecb11f0",
                "sha256:a8ef22bde8490f57fe5c7681a3c83cb58874daf72b4784de3cce5b6ef6edb5b9"
            ],
            "markers": "python_version >= '3.6'",
            "version": "==0.19.2"
        },
        "jupyter-client": {
            "hashes": [
                "sha256:35b3a0947c4a6e9d589eb97d7d4cd5e90f910ee73101611f01283732bd6d9419",
                "sha256:e8a19cc986cc45905ac3362915f410f3af85424b4c0905e94fa5f2cb08e8f23f"
            ],
            "markers": "python_version >= '3.8'",
            "version": "==8.6.3"
        },
        "jupyter-core": {
            "hashes": [
                "sha256:0a5f9706f70e64786b75acba995988915ebd4601c8a52e534a40b51c95f59941",
                "sha256:c28d268fc90fb53f1338ded2eb410704c5449a358406e8a948b75706e24863d0"
            ],
            "markers": "python_version >= '3.8'",
            "version": "==5.8.1"
        },
        "matplotlib-inline": {
            "hashes": [
                "sha256:8423b23ec666be3d16e16b60bdd8ac4e86e840ebd1dd11a30b9f117f2fa0ab90",
                "sha256:df192d39a4ff8f21b1895d72e6a13f5fcc5099f00fa84384e0ea28c2cc0653ca"
            ],
            "markers": "python_version >= '3.8'",
            "version": "==0.1.7"
        },
        "nest-asyncio": {
            "hashes": [
                "sha256:6f172d5449aca15afd6c646851f4e31e02c598d553a667e38cafa997cfec55fe",
                "sha256:87af6efd6b5e897c81050477ef65c62e2b2f35d51703cae01aff2905b1852e1c"
            ],
            "markers": "python_version >= '3.5'",
            "version": "==1.6.0"
        },
        "packaging": {
            "hashes": [
                "sha256:29572ef2b1f17581046b3a2227d5c611fb25ec70ca1ba8554b24b0e69331a484",
                "sha256:d443872c98d677bf60f6a1f2f8c1cb748e8fe762d2bf9d3148b5599295b0fc4f"
            ],
            "markers": "python_version >= '3.8'",
            "version": "==25.0"
        },
        "parso": {
            "hashes": [
                "sha256:034d7354a9a018bdce352f48b2a8a450f05e9d6ee85db84764e9b6bd96dafe5a",
                "sha256:646204b5ee239c396d040b90f9e272e9a8017c630092bf59980beb62fd033887"
            ],
            "markers": "python_version >= '3.6'",
            "version": "==0.8.5"
        },
        "pexpect": {
            "hashes": [
                "sha256:7236d1e080e4936be2dc3e326cec0af72acf9212a7e1d060210e70a47e253523",
                "sha256:ee7d41123f3c9911050ea2c2dac107568dc43b2d3b0c7557a33212c398ead30f"
            ],
            "markers": "sys_platform != 'win32' and sys_platform != 'emscripten'",
            "version": "==4.9.0"
        },
        "platformdirs": {
            "hashes": [
                "sha256:abd01743f24e5287cd7a5db3752faf1a2d65353f38ec26d98e25a6db65958c85",
                "sha256:ca753cf4d81dc309bc67b0ea38fd15dc97bc30ce419a7f58d13eb3bf14c4febf"
            ],
            "markers": "python_version >= '3.9'",
            "version": "==4.4.0"
        },
        "pluggy": {
            "hashes": [
                "sha256:7dcc130b76258d33b90f61b658791dede3486c3e6bfb003ee5c9bfb396dd22f3",
                "sha256:e920276dd6813095e9377c0bc5566d94c932c33b27a3e3945d8389c374dd4746"
            ],
            "markers": "python_version >= '3.9'",
            "version": "==1.6.0"
        },
        "prompt-toolkit": {
            "hashes": [
                "sha256:28cde192929c8e7321de85de1ddbe736f1375148b02f2e17edd840042b1be855",
                "sha256:9aac639a3bbd33284347de5ad8d68ecc044b91a762dc39b7c21095fcd6a19955"
            ],
            "markers": "python_version >= '3.8'",
            "version": "==3.0.52"
        },
        "psutil": {
            "hashes": [
                "sha256:101d71dc322e3cffd7cea0650b09b3d08b8e7c4109dd6809fe452dfd00e58b25",
                "sha256:1e744154a6580bc968a0195fd25e80432d3afec619daf145b9e5ba16cc1d688e",
                "sha256:1fcee592b4c6f146991ca55919ea3d1f8926497a713ed7faaf8225e174581e91",
                "sha256:39db632f6bb862eeccf56660871433e111b6ea58f2caea825571951d4b6aa3da",
                "sha256:4b1388a4f6875d7e2aff5c4ca1cc16c545ed41dd8bb596cefea80111db353a34",
                "sha256:4cf3d4eb1aa9b348dec30105c55cd9b7d4629285735a102beb4441e38db90553",
                "sha256:7be9c3eba38beccb6495ea33afd982a44074b78f28c434a1f51cc07fd315c456",
                "sha256:84df4eb63e16849689f76b1ffcb36db7b8de703d1bc1fe41773db487621b6c17",
                "sha256:a5f098451abc2828f7dc6b58d44b532b22f2088f4999a937557b603ce72b1993",
                "sha256:ba3fcef7523064a6c9da440fc4d6bd07da93ac726b5733c29027d7dc95b39d99"
            ],
            "markers": "python_version >= '3.6'",
            "version": "==7.0.0"
        },
        "ptyprocess": {
            "hashes": [
                "sha256:4b41f3967fce3af57cc7e94b888626c18bf37a083e3651ca8feeb66d492fef35",
                "sha256:5c5d0a3b48ceee0b48485e0c26037c0acd7d29765ca3fbb5cb3831d347423220"
            ],
            "version": "==0.7.0"
        },
        "pure-eval": {
            "hashes": [
                "sha256:1db8e35b67b3d218d818ae653e27f06c3aa420901fa7b081ca98cbedc874e0d0",
                "sha256:5f4e983f40564c576c7c8635ae88db5956bb2229d7e9237d03b3c0b0190eaf42"
            ],
            "version": "==0.2.3"
        },
        "pygments": {
            "hashes": [
                "sha256:636cb2477cec7f8952536970bc533bc43743542f70392ae026374600add5b887",
                "sha256:86540386c03d588bb81d44bc3928634ff26449851e99741617ecb9037ee5ec0b"
            ],
            "markers": "python_version >= '3.8'",
            "version": "==2.19.2"
        },
        "pytest": {
            "hashes": [
                "sha256:86c0d0b93306b961d58d62a4db4879f27fe25513d4b969df351abdddb3c30e01",
                "sha256:872f880de3fc3a5bdc88a11b39c9710c3497a547cfa9320bc3c5e62fbf272e79"
            ],
            "index": "pypi",
            "markers": "python_version >= '3.9'",
            "version": "==8.4.2"
        },
        "python-dateutil": {
            "hashes": [
                "sha256:37dd54208da7e1cd875388217d5e00ebd4179249f90fb72437e91a35459a0ad3",
                "sha256:a8b2bc7bffae282281c8140a97d3aa9c14da0b136dfe83f850eea9a5f7470427"
            ],
            "index": "pypi",
            "markers": "python_version >= '2.7' and python_version not in '3.0, 3.1, 3.2'",
            "version": "==2.9.0.post0"
        },
        "pyzmq": {
            "hashes": [
                "sha256:01c0e07d558b06a60773744ea6251f769cd79a41a97d11b8bf4ab8f034b0424d",
                "sha256:01f9437501886d3a1dd4b02ef59fb8cc384fa718ce066d52f175ee49dd5b7ed8",
                "sha256:03ff0b279b40d687691a6217c12242ee71f0fba28bf8626ff50e3ef0f4410e1e",
                "sha256:05b12f2d32112bf8c95ef2e74ec4f1d4beb01f8b5e703b38537f8849f92cb9ba",
                "sha256:0790a0161c281ca9723f804871b4027f2e8b5a528d357c8952d08cd1a9c15581",
                "sha256:08363b2011dec81c354d694bdecaef4770e0ae96b9afea70b3f47b973655cc05",
                "sha256:08e90bb4b57603b84eab1d0ca05b3bbb10f60c1839dc471fc1c9e1507bef3386",
                "sha256:0c996ded912812a2fcd7ab6574f4ad3edc27cb6510349431e4930d4196ade7db",
                "sha256:0de3028d69d4cdc475bfe47a6128eb38d8bc0e8f4d69646adfbcd840facbac28",
                "sha256:15c8bd0fe0dabf808e2d7a681398c4e5ded70a551ab47482067a572c054c8e2e",
                "sha256:1779be8c549e54a1c38f805e56d2a2e5c009d26de10921d7d51cfd1c8d4632ea",
                "sha256:18339186c0ed0ce5835f2656cdfb32203125917711af64da64dbaa3d949e5a1b",
                "sha256:18770c8d3563715387139060d37859c02ce40718d1faf299abddcdcc6a649066",
                "sha256:190cbf120fbc0fc4957b56866830def56628934a9d112aec0e2507aa6a032b97",
                "sha256:19c9468ae0437f8074af379e986c5d3d7d7bfe033506af442e8c879732bedbe0",
                "sha256:1c179799b118e554b66da67d88ed66cd37a169f1f23b5d9f0a231b4e8d44a113",
                "sha256:1f0b2a577fd770aa6f053211a55d1c47901f4d537389a034c690291485e5fe92",
                "sha256:1f8426a01b1c4098a750973c37131cf585f61c7911d735f729935a0c701b68d3",
                "sha256:226b091818d461a3bef763805e75685e478ac17e9008f49fce2d3e52b3d58b86",
                "sha256:250e5436a4ba13885494412b3da5d518cd0d3a278a1ae640e113c073a5f88edd",
                "sha256:346e9ba4198177a07e7706050f35d733e08c1c1f8ceacd5eb6389d653579ffbc",
                "sha256:3837439b7f99e60312f0c926a6ad437b067356dc2bc2ec96eb395fd0fe804233",
                "sha256:3970778e74cb7f85934d2b926b9900e92bfe597e62267d7499acc39c9c28e345",
                "sha256:43ad9a73e3da1fab5b0e7e13402f0b2fb934ae1c876c51d0afff0e7c052eca31",
                "sha256:448f9cb54eb0cee4732b46584f2710c8bc178b0e5371d9e4fc8125201e413a74",
                "sha256:452631b640340c928fa343801b0d07eb0c3789a5ffa843f6e1a9cee0ba4eb4fc",
                "sha256:49d3980544447f6bd2968b6ac913ab963a49dcaa2d4a2990041f16057b04c429",
                "sha256:4a19387a3dddcc762bfd2f570d14e2395b2c9701329b266f83dd87a2b3cbd381",
                "sha256:4c618fbcd069e3a29dcd221739cacde52edcc681f041907867e0f5cc7e85f172",
                "sha256:50081a4e98472ba9f5a02850014b4c9b629da6710f8f14f3b15897c666a28f1b",
                "sha256:507b6f430bdcf0ee48c0d30e734ea89ce5567fd7b8a0f0044a369c176aa44556",
                "sha256:508e23ec9bc44c0005c4946ea013d9317ae00ac67778bd47519fdf5a0e930ff4",
                "sha256:510869f9df36ab97f89f4cff9d002a89ac554c7ac9cadd87d444aa4cf66abd27",
                "sha256:53b40f8ae006f2734ee7608d59ed661419f087521edbfc2149c3932e9c14808c",
                "sha256:544b4e3b7198dde4a62b8ff6685e9802a9a1ebf47e77478a5eb88eca2a82f2fd",
                "sha256:5bbf8d3630bf96550b3be8e1fc0fea5cbdc8d5466c1192887bd94869da17a63e",
                "sha256:677e744fee605753eac48198b15a2124016c009a11056f93807000ab11ce6526",
                "sha256:6bb54ca21bcfe361e445256c15eedf083f153811c37be87e0514934d6913061e",
                "sha256:6df079c47d5902af6db298ec92151db82ecb557af663098b92f2508c398bb54f",
                "sha256:6f3afa12c392f0a44a2414056d730eebc33ec0926aae92b5ad5cf26ebb6cc128",
                "sha256:7200bb0f03345515df50d99d3db206a0a6bee1955fbb8c453c76f5bf0e08fb96",
                "sha256:722ea791aa233ac0a819fc2c475e1292c76930b31f1d828cb61073e2fe5e208f",
                "sha256:726b6a502f2e34c6d2ada5e702929586d3ac948a4dbbb7fed9854ec8c0466027",
                "sha256:753d56fba8f70962cd8295fb3edb40b9b16deaa882dd2b5a3a2039f9ff7625aa",
                "sha256:75a2f36223f0d535a0c919e23615fc85a1e23b71f40c7eb43d7b1dedb4d8f15f",
                "sha256:7be883ff3d722e6085ee3f4afc057a50f7f2e0c72d289fd54df5706b4e3d3a50",
                "sha256:7ccc0700cfdf7bd487bea8d850ec38f204478681ea02a582a8da8171b7f90a1c",
                "sha256:8085a9fba668216b9b4323be338ee5437a235fe275b9d1610e422ccc279733e2",
                "sha256:80d834abee71f65253c91540445d37c4c561e293ba6e741b992f20a105d69146",
                "sha256:849ca054d81aa1c175c49484afaaa5db0622092b5eccb2055f9f3bb8f703782d",
                "sha256:90e6e9441c946a8b0a667356f7078d96411391a3b8f80980315455574177ec97",
                "sha256:93ad4b0855a664229559e45c8d23797ceac03183c7b6f5b4428152a6b06684a5",
                "sha256:9541c444cfe1b1c0156c5c86ece2bb926c7079a18e7b47b0b1b3b1b875e5d098",
                "sha256:96c71c32fff75957db6ae33cd961439f386505c6e6b377370af9b24a1ef9eafb",
                "sha256:9a916f76c2ab8d045b19f2286851a38e9ac94ea91faf65bd64735924522a8b32",
                "sha256:9c1790386614232e1b3a40a958454bdd42c6d1811837b15ddbb052a032a43f62",
                "sha256:9ce490cf1d2ca2ad84733aa1d69ce6855372cb5ce9223802450c9b2a7cba0ccf",
                "sha256:a1aa0ee920fb3825d6c825ae3f6c508403b905b698b6460408ebd5bb04bbb312",
                "sha256:a5b42d7a0658b515319148875fcb782bbf118dd41c671b62dae33666c2213bda",
                "sha256:ac0765e3d44455adb6ddbf4417dcce460fc40a05978c08efdf2948072f6db540",
                "sha256:ac25465d42f92e990f8d8b0546b01c391ad431c3bf447683fdc40565941d0604",
                "sha256:ad68808a61cbfbbae7ba26d6233f2a4aa3b221de379ce9ee468aa7a83b9c36b0",
                "sha256:add071b2d25f84e8189aaf0882d39a285b42fa3853016ebab234a5e78c7a43db",
                "sha256:b1267823d72d1e40701dcba7edc45fd17f71be1285557b7fe668887150a14b78",
                "sha256:b2e592db3a93128daf567de9650a2f3859017b3f7a66bc4ed6e4779d6034976f",
                "sha256:b721c05d932e5ad9ff9344f708c96b9e1a485418c6618d765fca95d4daacfbef",
                "sha256:bafcb3dd171b4ae9f19ee6380dfc71ce0390fefaf26b504c0e5f628d7c8c54f2",
                "sha256:bd67e7c8f4654bef471c0b1ca6614af0b5202a790723a58b79d9584dc8022a78",
                "sha256:bf7b38f9fd7b81cb6d9391b2946382c8237fd814075c6aa9c3b746d53076023b",
                "sha256:c0bb87227430ee3aefcc0ade2088100e528d5d3298a0a715a64f3d04c60ba02f",
                "sha256:c17e03cbc9312bee223864f1a2b13a99522e0dc9f7c5df0177cd45210ac286e6",
                "sha256:c65047adafe573ff023b3187bb93faa583151627bc9c51fc4fb2c561ed689d39",
                "sha256:c895a6f35476b0c3a54e3eb6ccf41bf3018de937016e6e18748317f25d4e925f",
                "sha256:c9f7f6e13dff2e44a6afeaf2cf54cee5929ad64afaf4d40b50f93c58fc687355",
                "sha256:ce980af330231615756acd5154f29813d553ea555485ae712c491cd483df6b7a",
                "sha256:cedc4c68178e59a4046f97eca31b148ddcf51e88677de1ef4e78cf06c5376c9a",
                "sha256:cf44a7763aea9298c0aa7dbf859f87ed7012de8bda0f3977b6fb1d96745df856",
                "sha256:d54530c8c8b5b8ddb3318f481297441af102517602b569146185fa10b63f4fa9",
                "sha256:da96ecdcf7d3919c3be2de91a8c513c186f6762aa6cf7c01087ed74fad7f0968",
                "sha256:dc5dbf68a7857b59473f7df42650c621d7e8923fb03fa74a526890f4d33cc4d7",
                "sha256:dd2fec2b13137416a1c5648b7009499bcc8fea78154cd888855fa32514f3dad1",
                "sha256:df7cd397ece96cf20a76fae705d40efbab217d217897a5053267cd88a700c266",
                "sha256:e2687c2d230e8d8584fbea433c24382edfeda0c60627aca3446aa5e58d5d1831",
                "sha256:e30a74a39b93e2e1591b58eb1acef4902be27c957a8720b0e368f579b82dc22f",
                "sha256:e343d067f7b151cfe4eb3bb796a7752c9d369eed007b91231e817071d2c2fec7",
                "sha256:e829529fcaa09937189178115c49c504e69289abd39967cd8a4c215761373394",
                "sha256:eca6b47df11a132d1745eb3b5b5e557a7dae2c303277aa0e69c6ba91b8736e07",
                "sha256:f30f395a9e6fbca195400ce833c731e7b64c3919aa481af4d88c3759e0cb7496",
                "sha256:f328d01128373cb6763823b2b4e7f73bdf767834268c565151eacb3b7a392f90",
                "sha256:f605d884e7c8be8fe1aa94e0a783bf3f591b84c24e4bc4f3e7564c82ac25e271",
                "sha256:fbb4f2400bfda24f12f009cba62ad5734148569ff4949b1b6ec3b519444342e6",
                "sha256:ff8d114d14ac671d88c89b9224c63d6c4e5a613fe8acd5594ce53d752a3aafe9"
            ],
            "markers": "python_version >= '3.8'",
            "version": "==27.1.0"
        },
        "six": {
            "hashes": [
                "sha256:4721f391ed90541fddacab5acf947aa0d3dc7d27b2e1e8eda2be8970586c3274",
                "sha256:ff70335d468e7eb6ec65b95b99d3a2836546063f63acc5171de367e834932a81"
            ],
            "markers": "python_version >= '2.7' and python_version not in '3.0, 3.1, 3.2'",
            "version": "==1.17.0"
        },
        "stack-data": {
            "hashes": [
                "sha256:836a778de4fec4dcd1dcd89ed8abff8a221f58308462e1c4aa2a3cf30148f0b9",
                "sha256:d5558e0c25a4cb0853cddad3d77da9891a08cb85dd9f9f91b9f8cd66e511e695"
            ],
            "version": "==0.6.3"
        },
        "tornado": {
            "hashes": [
                "sha256:06ceb1300fd70cb20e43b1ad8aaee0266e69e7ced38fa910ad2e03285009ce7c",
                "sha256:2436822940d37cde62771cff8774f4f00b3c8024fe482e16ca8387b8a2724db6",
                "sha256:583a52c7aa94ee046854ba81d9ebb6c81ec0fd30386d96f7640c96dad45a03ef",
                "sha256:74db443e0f5251be86cbf37929f84d8c20c27a355dd452a5cfa2aada0d001ec4",
                "sha256:ab53c8f9a0fa351e2c0741284e06c7a45da86afb544133201c5cc8578eb076a0",
                "sha256:b0fe179f28d597deab2842b86ed4060deec7388f1fd9c1b4a41adf8af058907e",
                "sha256:b186e85d1e3536d69583d2298423744740986018e393d0321df7340e71898882",
                "sha256:b5e735ab2889d7ed33b32a459cac490eda71a1ba6857b0118de476ab6c366c04",
                "sha256:c6f29e94d9b37a95013bb669616352ddb82e3bfe8326fccee50583caebc8a5f0",
                "sha256:d6c33dc3672e3a1f3618eb63b7ef4683a7688e7b9e6e8f0d9aa5726360a004af",
                "sha256:e56a5af51cc30dd2cae649429af65ca2f6571da29504a07995175df14c18f35f",
                "sha256:e792706668c87709709c18b353da1f7662317b563ff69f00bab83595940c7108"
            ],
            "markers": "python_version >= '3.9'",
            "version": "==6.5.2"
        },
        "traitlets": {
            "hashes": [
                "sha256:9ed0579d3502c94b4b3732ac120375cda96f923114522847de4b3bb98b96b6b7",
                "sha256:b74e89e397b1ed28cc831db7aea759ba6640cb3de13090ca145426688ff1ac4f"
            ],
            "markers": "python_version >= '3.8'",
            "version": "==5.14.3"
        },
        "wcwidth": {
            "hashes": [
                "sha256:3da69048e4540d84af32131829ff948f1e022c1c6bdb8d6102117aac784f6859",
                "sha256:72ea0c06399eb286d978fdedb6923a9eb47e1c486ce63e9b4e64fc18303972b5"
            ],
            "version": "==0.2.13"
        }
    }
}
